{
  "name": "learning-web",
  "version": "1.0.0",
  "lockfileVersion": 2,
  "requires": true,
  "packages": {
    "": {
      "name": "learning-web",
      "version": "1.0.0",
      "license": "ISC",
      "dependencies": {
        "date-names": "^0.1.13",
        "immutability-helper": "^3.1.1",
        "ordinal": "^1.0.3"
      }
    },
    "node_modules/date-names": {
      "version": "0.1.13",
      "resolved": "https://registry.npmjs.org/date-names/-/date-names-0.1.13.tgz",
      "integrity": "sha512-IxxoeD9tdx8pXVcmqaRlPvrXIsSrSrIZzfzlOkm9u+hyzKp5Wk/odt9O/gd7Ockzy8n/WHeEpTVJ2bF3mMV4LA=="
    },
    "node_modules/immutability-helper": {
      "version": "3.1.1",
      "resolved": "https://registry.npmjs.org/immutability-helper/-/immutability-helper-3.1.1.tgz",
      "integrity": "sha512-Q0QaXjPjwIju/28TsugCHNEASwoCcJSyJV3uO1sOIQGI0jKgm9f41Lvz0DZj3n46cNCyAZTsEYoY4C2bVRUzyQ=="
    },
    "node_modules/ordinal": {
      "version": "1.0.3",
      "resolved": "https://registry.npmjs.org/ordinal/-/ordinal-1.0.3.tgz",
      "integrity": "sha512-cMddMgb2QElm8G7vdaa02jhUNbTSrhsgAGUz1OokD83uJTwSUn+nKoNoKVVaRa08yF6sgfO7Maou1+bgLd9rdQ=="
    }
  },
  "dependencies": {
    "date-names": {
      "version": "0.1.13",
      "resolved": "https://registry.npmjs.org/date-names/-/date-names-0.1.13.tgz",
      "integrity": "sha512-IxxoeD9tdx8pXVcmqaRlPvrXIsSrSrIZzfzlOkm9u+hyzKp5Wk/odt9O/gd7Ockzy8n/WHeEpTVJ2bF3mMV4LA=="
    },
    "immutability-helper": {
      "version": "3.1.1",
      "resolved": "https://registry.npmjs.org/immutability-helper/-/immutability-helper-3.1.1.tgz",
      "integrity": "sha512-Q0QaXjPjwIju/28TsugCHNEASwoCcJSyJV3uO1sOIQGI0jKgm9f41Lvz0DZj3n46cNCyAZTsEYoY4C2bVRUzyQ=="
    },
    "ordinal": {
      "version": "1.0.3",
      "resolved": "https://registry.npmjs.org/ordinal/-/ordinal-1.0.3.tgz",
      "integrity": "sha512-cMddMgb2QElm8G7vdaa02jhUNbTSrhsgAGUz1OokD83uJTwSUn+nKoNoKVVaRa08yF6sgfO7Maou1+bgLd9rdQ=="
    }
  }
}
